
Microsoft Visual Studio Solution File, Format Version 11.00
# Visual Studio 2010
Project("{FAE04EC0-301F-11D3-BF4B-00C04F79EFBC}") = "SpaceInvaders", "SpaceInvaders\SpaceInvaders\SpaceInvaders.csproj", "{33A9AF6A-6230-499A-98F4-FB62758FB3E1}"
EndProject
Project("{96E2B04D-8817-42C6-938A-82C39BA4D311}") = "SpaceInvadersContent", "SpaceInvaders\SpaceInvadersContent\SpaceInvadersContent.contentproj", "{D6B19DBF-1B42-46BF-B545-E1A8D3B22551}"
EndProject
Global
	GlobalSection(SolutionConfigurationPlatforms) = preSolution
		Debug|x86 = Debug|x86
		Release|x86 = Release|x86
	EndGlobalSection
	GlobalSection(ProjectConfigurationPlatforms) = postSolution
		{33A9AF6A-6230-499A-98F4-FB62758FB3E1}.Debug|x86.ActiveCfg = Debug|x86
		{33A9AF6A-6230-499A-98F4-FB62758FB3E1}.Debug|x86.Build.0 = Debug|x86
		{33A9AF6A-6230-499A-98F4-FB62758FB3E1}.Release|x86.ActiveCfg = Release|x86
		{33A9AF6A-6230-499A-98F4-FB62758FB3E1}.Release|x86.Build.0 = Release|x86
		{D6B19DBF-1B42-46BF-B545-E1A8D3B22551}.Debug|x86.ActiveCfg = Debug|x86
		{D6B19DBF-1B42-46BF-B545-E1A8D3B22551}.Release|x86.ActiveCfg = Release|x86
	EndGlobalSection
	GlobalSection(SolutionProperties) = preSolution
		HideSolutionNode = FALSE
	EndGlobalSection
EndGlobal
